
Microsoft Visual Studio Solution File, Format Version 12.00
# Visual Studio 15
VisualStudioVersion = 15.0.28307.168
MinimumVisualStudioVersion = 10.0.40219.1
Project("{FAE04EC0-301F-11D3-BF4B-00C04F79EFBC}") = "Leerdoel1", "Leerdoel1\Leerdoel1.csproj", "{6F803819-B770-4FBF-AA38-7EB6F9FBD0E1}"
EndProject
Global
	GlobalSection(SolutionConfigurationPlatforms) = preSolution
		Debug|Any CPU = Debug|Any CPU
		Release|Any CPU = Release|Any CPU
	EndGlobalSection
	GlobalSection(ProjectConfigurationPlatforms) = postSolution
		{6F803819-B770-4FBF-AA38-7EB6F9FBD0E1}.Debug|Any CPU.ActiveCfg = Debug|Any CPU
		{6F803819-B770-4FBF-AA38-7EB6F9FBD0E1}.Debug|Any CPU.Build.0 = Debug|Any CPU
		{6F803819-B770-4FBF-AA38-7EB6F9FBD0E1}.Release|Any CPU.ActiveCfg = Release|Any CPU
		{6F803819-B770-4FBF-AA38-7EB6F9FBD0E1}.Release|Any CPU.Build.0 = Release|Any CPU
	EndGlobalSection
	GlobalSection(SolutionProperties) = preSolution
		HideSolutionNode = FALSE
	EndGlobalSection
	GlobalSection(ExtensibilityGlobals) = postSolution
		SolutionGuid = {B8A33680-38F7-4F6C-8B37-0B248FC88501}
	EndGlobalSection
EndGlobal
